<?xml version="1.0" encoding="utf-8"?>
<Project ToolsVersion="4.0" xmlns="http://schemas.microsoft.com/developer/msbuild/2003">
  <ItemGroup>
    <Filter Include="Arquivos de Origem">
      <UniqueIdentifier>{4FC737F1-C7A5-4376-A066-2A32D752A2FF}</UniqueIdentifier>
      <Extensions>cpp;c;cc;cxx;c++;cppm;ixx;def;odl;idl;hpj;bat;asm;asmx</Extensions>
    </Filter>
    <Filter Include="Arquivos de Cabeçalho">
      <UniqueIdentifier>{93995380-89BD-4b04-88EB-625FBE52EBFB}</UniqueIdentifier>
      <Extensions>h;hh;hpp;hxx;h++;hm;inl;inc;ipp;xsd</Extensions>
    </Filter>
    <Filter Include="Arquivos de Recurso">
      <UniqueIdentifier>{67DA6AB6-F800-4c08-8B7A-83BB121AAD01}</UniqueIdentifier>
      <Extensions>rc;ico;cur;bmp;dlg;rc2;rct;bin;rgs;gif;jpg;jpeg;jpe;resx;tiff;tif;png;wav;mfcribbon-ms</Extensions>
    </Filter>
    <Filter Include="Shaders">
      <UniqueIdentifier>{81538123-27fb-423a-8add-a08c06586bd7}</UniqueIdentifier>
    </Filter>
    <Filter Include="Arquivos de Cabeçalho\Bindable">
      <UniqueIdentifier>{0544bb03-7ae4-4020-8a6e-88df7d5d1f93}</UniqueIdentifier>
    </Filter>
    <Filter Include="Arquivos de Origem\Bindable">
      <UniqueIdentifier>{3e623175-b3ef-4fe2-9e4c-74813484448a}</UniqueIdentifier>
    </Filter>
    <Filter Include="Arquivos de Origem\Object">
      <UniqueIdentifier>{ebb2b00b-1ecf-49f3-b4cb-620f7315a2ab}</UniqueIdentifier>
    </Filter>
    <Filter Include="Arquivos de Cabeçalho\Object">
      <UniqueIdentifier>{e3b251c8-06f5-4681-8a3f-726aad08c768}</UniqueIdentifier>
    </Filter>
  </ItemGroup>
  <ItemGroup>
    <ClCompile Include="main.cpp">
      <Filter>Arquivos de Origem</Filter>
    </ClCompile>
    <ClCompile Include="window.cpp">
      <Filter>Arquivos de Origem</Filter>
    </ClCompile>
    <ClCompile Include="mouse.cpp">
      <Filter>Arquivos de Origem</Filter>
    </ClCompile>
    <ClCompile Include="keyboard.cpp">
      <Filter>Arquivos de Origem</Filter>
    </ClCompile>
    <ClCompile Include="app.cpp">
      <Filter>Arquivos de Origem</Filter>
    </ClCompile>
    <ClCompile Include="exception.cpp">
      <Filter>Arquivos de Origem</Filter>
    </ClCompile>
    <ClCompile Include="graphics.cpp">
      <Filter>Arquivos de Origem</Filter>
    </ClCompile>
    <ClCompile Include="inputLayout.cpp">
      <Filter>Arquivos de Origem\Bindable</Filter>
    </ClCompile>
    <ClCompile Include="vertexShader.cpp">
      <Filter>Arquivos de Origem\Bindable</Filter>
    </ClCompile>
    <ClCompile Include="pixelShader.cpp">
      <Filter>Arquivos de Origem\Bindable</Filter>
    </ClCompile>
  </ItemGroup>
  <ItemGroup>
    <ClInclude Include="window.h">
      <Filter>Arquivos de Cabeçalho</Filter>
    </ClInclude>
    <ClInclude Include="mouse.h">
      <Filter>Arquivos de Cabeçalho</Filter>
    </ClInclude>
    <ClInclude Include="keyboard.h">
      <Filter>Arquivos de Cabeçalho</Filter>
    </ClInclude>
    <ClInclude Include="app.h">
      <Filter>Arquivos de Cabeçalho</Filter>
    </ClInclude>
    <ClInclude Include="exception.h">
      <Filter>Arquivos de Cabeçalho</Filter>
    </ClInclude>
    <ClInclude Include="graphics.h">
      <Filter>Arquivos de Cabeçalho</Filter>
    </ClInclude>
    <ClInclude Include="timer.h">
      <Filter>Arquivos de Cabeçalho</Filter>
    </ClInclude>
    <ClInclude Include="bindable.h">
      <Filter>Arquivos de Cabeçalho\Bindable</Filter>
    </ClInclude>
    <ClInclude Include="object.h">
      <Filter>Arquivos de Cabeçalho\Object</Filter>
    </ClInclude>
    <ClInclude Include="inputLayout.h">
      <Filter>Arquivos de Cabeçalho\Bindable</Filter>
    </ClInclude>
    <ClInclude Include="vertexShader.h">
      <Filter>Arquivos de Cabeçalho\Bindable</Filter>
    </ClInclude>
    <ClInclude Include="pixelShader.h">
      <Filter>Arquivos de Cabeçalho\Bindable</Filter>
    </ClInclude>
  </ItemGroup>
  <ItemGroup>
    <FxCompile Include="VertexShader.hlsl">
      <Filter>Shaders</Filter>
    </FxCompile>
    <FxCompile Include="PixelShader.hlsl">
      <Filter>Shaders</Filter>
    </FxCompile>
  </ItemGroup>
</Project>