<?xml version="1.0" encoding="utf-8"?>
<Project ToolsVersion="4.0" xmlns="http://schemas.microsoft.com/developer/msbuild/2003">
  <ItemGroup>
    <Filter Include="Arquivos de Origem">
      <UniqueIdentifier>{4FC737F1-C7A5-4376-A066-2A32D752A2FF}</UniqueIdentifier>
      <Extensions>cpp;c;cc;cxx;c++;cppm;ixx;def;odl;idl;hpj;bat;asm;asmx</Extensions>
    </Filter>
    <Filter Include="Arquivos de Cabeçalho">
      <UniqueIdentifier>{93995380-89BD-4b04-88EB-625FBE52EBFB}</UniqueIdentifier>
      <Extensions>h;hh;hpp;hxx;h++;hm;inl;inc;ipp;xsd</Extensions>
    </Filter>
    <Filter Include="Arquivos de Recurso">
      <UniqueIdentifier>{67DA6AB6-F800-4c08-8B7A-83BB121AAD01}</UniqueIdentifier>
      <Extensions>rc;ico;cur;bmp;dlg;rc2;rct;bin;rgs;gif;jpg;jpeg;jpe;resx;tiff;tif;png;wav;mfcribbon-ms</Extensions>
    </Filter>
    <Filter Include="Shaders">
      <UniqueIdentifier>{81538123-27fb-423a-8add-a08c06586bd7}</UniqueIdentifier>
    </Filter>
    <Filter Include="Arquivos de Cabeçalho\Bindable">
      <UniqueIdentifier>{0544bb03-7ae4-4020-8a6e-88df7d5d1f93}</UniqueIdentifier>
    </Filter>
    <Filter Include="Arquivos de Origem\Bindable">
      <UniqueIdentifier>{3e623175-b3ef-4fe2-9e4c-74813484448a}</UniqueIdentifier>
    </Filter>
    <Filter Include="Arquivos de Origem\Object">
      <UniqueIdentifier>{ebb2b00b-1ecf-49f3-b4cb-620f7315a2ab}</UniqueIdentifier>
    </Filter>
    <Filter Include="Arquivos de Cabeçalho\Object">
      <UniqueIdentifier>{e3b251c8-06f5-4681-8a3f-726aad08c768}</UniqueIdentifier>
    </Filter>
    <Filter Include="Objetos">
      <UniqueIdentifier>{bddb19ee-c888-48af-95ff-063d79b227ae}</UniqueIdentifier>
    </Filter>
    <Filter Include="Arquivos de Origem\Physics">
      <UniqueIdentifier>{c818ad09-5b44-4740-990b-ab99c4711eac}</UniqueIdentifier>
    </Filter>
    <Filter Include="Arquivos de Cabeçalho\Physics">
      <UniqueIdentifier>{f9d46184-b93b-4a8d-a542-8b7e437825e2}</UniqueIdentifier>
    </Filter>
  </ItemGroup>
  <ItemGroup>
    <ClCompile Include="Core\window.cpp">
      <Filter>Arquivos de Origem</Filter>
    </ClCompile>
    <ClCompile Include="Input\mouse.cpp">
      <Filter>Arquivos de Origem</Filter>
    </ClCompile>
    <ClCompile Include="Input\keyboard.cpp">
      <Filter>Arquivos de Origem</Filter>
    </ClCompile>
    <ClCompile Include="Core\exception.cpp">
      <Filter>Arquivos de Origem</Filter>
    </ClCompile>
    <ClCompile Include="Core\graphics.cpp">
      <Filter>Arquivos de Origem</Filter>
    </ClCompile>
    <ClCompile Include="Graphics\Bindables\inputLayout.cpp">
      <Filter>Arquivos de Origem\Bindable</Filter>
    </ClCompile>
    <ClCompile Include="Graphics\Bindables\vertexShader.cpp">
      <Filter>Arquivos de Origem\Bindable</Filter>
    </ClCompile>
    <ClCompile Include="Graphics\Bindables\pixelShader.cpp">
      <Filter>Arquivos de Origem\Bindable</Filter>
    </ClCompile>
    <ClCompile Include="Graphics\Bindables\vertexBuffer.cpp">
      <Filter>Arquivos de Origem\Bindable</Filter>
    </ClCompile>
    <ClCompile Include="Graphics\Bindables\vertexConstantBuffer.cpp">
      <Filter>Arquivos de Origem\Bindable</Filter>
    </ClCompile>
    <ClCompile Include="Graphics\Bindables\indexBuffer.cpp">
      <Filter>Arquivos de Origem\Bindable</Filter>
    </ClCompile>
    <ClCompile Include="Graphics\Camera.cpp">
      <Filter>Arquivos de Origem</Filter>
    </ClCompile>
    <ClCompile Include="Resources\image.cpp">
      <Filter>Arquivos de Origem</Filter>
    </ClCompile>
    <ClCompile Include="Graphics\pipeline.cpp">
      <Filter>Arquivos de Origem\Object</Filter>
    </ClCompile>
    <ClCompile Include="Graphics\Bindables\bindable.cpp">
      <Filter>Arquivos de Origem\Bindable</Filter>
    </ClCompile>
    <ClCompile Include="Graphics\Bindables\sampler.cpp">
      <Filter>Arquivos de Origem\Bindable</Filter>
    </ClCompile>
    <ClCompile Include="Graphics\Bindables\texture.cpp">
      <Filter>Arquivos de Origem\Bindable</Filter>
    </ClCompile>
    <ClCompile Include="Resources\objLoader.cpp">
      <Filter>Arquivos de Origem</Filter>
    </ClCompile>
    <ClCompile Include="Graphics\light.cpp">
      <Filter>Arquivos de Origem</Filter>
    </ClCompile>
    <ClCompile Include="Graphics\Shader\shaderDesc.cpp">
      <Filter>Arquivos de Origem</Filter>
    </ClCompile>
    <ClCompile Include="Graphics\Shader\shader.cpp">
      <Filter>Arquivos de Origem</Filter>
    </ClCompile>
    <ClCompile Include="Graphics\object.cpp">
      <Filter>Arquivos de Origem</Filter>
    </ClCompile>
    <ClCompile Include="Graphics\sprite.cpp">
      <Filter>Arquivos de Origem</Filter>
    </ClCompile>
    <ClCompile Include="Graphics\Bindables\blendState.cpp">
      <Filter>Arquivos de Origem</Filter>
    </ClCompile>
    <ClCompile Include="Math\SpatialData.cpp">
      <Filter>Arquivos de Origem\Object</Filter>
    </ClCompile>
    <ClCompile Include="Graphics\Shader\inputBuffer.cpp">
      <Filter>Arquivos de Origem\Object</Filter>
    </ClCompile>
    <ClCompile Include="Physics\physicsObject.cpp">
      <Filter>Arquivos de Origem\Physics</Filter>
    </ClCompile>
    <ClCompile Include="Graphics\Bindables\renderTarget.cpp">
      <Filter>Arquivos de Origem</Filter>
    </ClCompile>
    <ClCompile Include="Graphics\Bindables\depthStencil.cpp">
      <Filter>Arquivos de Origem</Filter>
    </ClCompile>
    <ClCompile Include="Physics\physicsDomain.cpp">
      <Filter>Arquivos de Origem\Physics</Filter>
    </ClCompile>
    <ClCompile Include="UI\guiPanel.cpp">
      <Filter>Arquivos de Origem</Filter>
    </ClCompile>
    <ClCompile Include="Engine.cpp">
      <Filter>Arquivos de Origem</Filter>
    </ClCompile>
    <ClCompile Include="Input\inputProxy.cpp">
      <Filter>Arquivos de Origem</Filter>
    </ClCompile>
    <ClCompile Include="Input\CursorController.cpp">
      <Filter>Arquivos de Origem</Filter>
    </ClCompile>
    <ClCompile Include="Assets\IAsset.h">
      <Filter>Arquivos de Origem</Filter>
    </ClCompile>
    <ClCompile Include="Assets\AssetManager.cpp">
      <Filter>Arquivos de Origem</Filter>
    </ClCompile>
    <ClCompile Include="Assets\MeshAsset.cpp">
      <Filter>Arquivos de Origem</Filter>
    </ClCompile>
    <ClCompile Include="Assets\TextureAsset.cpp">
      <Filter>Arquivos de Origem</Filter>
    </ClCompile>
    <ClCompile Include="Graphics\Shader\ShaderCompiler.cpp">
      <Filter>Arquivos de Origem</Filter>
    </ClCompile>
  </ItemGroup>
  <ItemGroup>
    <ClInclude Include="Core\window.h">
      <Filter>Arquivos de Cabeçalho</Filter>
    </ClInclude>
    <ClInclude Include="Input\mouse.h">
      <Filter>Arquivos de Cabeçalho</Filter>
    </ClInclude>
    <ClInclude Include="Input\keyboard.h">
      <Filter>Arquivos de Cabeçalho</Filter>
    </ClInclude>
    <ClInclude Include="Core\exception.h">
      <Filter>Arquivos de Cabeçalho</Filter>
    </ClInclude>
    <ClInclude Include="Core\graphics.h">
      <Filter>Arquivos de Cabeçalho</Filter>
    </ClInclude>
    <ClInclude Include="Utils\timer.h">
      <Filter>Arquivos de Cabeçalho</Filter>
    </ClInclude>
    <ClInclude Include="Graphics\Bindables\bindable.h">
      <Filter>Arquivos de Cabeçalho\Bindable</Filter>
    </ClInclude>
    <ClInclude Include="Graphics\Bindables\inputLayout.h">
      <Filter>Arquivos de Cabeçalho\Bindable</Filter>
    </ClInclude>
    <ClInclude Include="Graphics\Bindables\vertexShader.h">
      <Filter>Arquivos de Cabeçalho\Bindable</Filter>
    </ClInclude>
    <ClInclude Include="Graphics\Bindables\pixelShader.h">
      <Filter>Arquivos de Cabeçalho\Bindable</Filter>
    </ClInclude>
    <ClInclude Include="Graphics\Bindables\vertexBuffer.h">
      <Filter>Arquivos de Cabeçalho\Bindable</Filter>
    </ClInclude>
    <ClInclude Include="Graphics\Bindables\vertexConstantBuffer.h">
      <Filter>Arquivos de Cabeçalho\Bindable</Filter>
    </ClInclude>
    <ClInclude Include="Graphics\Bindables\indexBuffer.h">
      <Filter>Arquivos de Cabeçalho\Bindable</Filter>
    </ClInclude>
    <ClInclude Include="Graphics\Camera.h">
      <Filter>Arquivos de Cabeçalho</Filter>
    </ClInclude>
    <ClInclude Include="Resources\image.h">
      <Filter>Arquivos de Cabeçalho</Filter>
    </ClInclude>
    <ClInclude Include="Graphics\Bindables\texture.h">
      <Filter>Arquivos de Cabeçalho\Bindable</Filter>
    </ClInclude>
    <ClInclude Include="Graphics\Bindables\sampler.h">
      <Filter>Arquivos de Cabeçalho\Bindable</Filter>
    </ClInclude>
    <ClInclude Include="Graphics\pipeline.h">
      <Filter>Arquivos de Cabeçalho\Object</Filter>
    </ClInclude>
    <ClInclude Include="Resources\objLoader.h">
      <Filter>Arquivos de Cabeçalho</Filter>
    </ClInclude>
    <ClInclude Include="Graphics\light.h">
      <Filter>Arquivos de Cabeçalho\Object</Filter>
    </ClInclude>
    <ClInclude Include="Graphics\Bindables\pixelConstantBuffer.h">
      <Filter>Arquivos de Cabeçalho\Bindable</Filter>
    </ClInclude>
    <ClInclude Include="Graphics\Shader\shaderDesc.h">
      <Filter>Arquivos de Cabeçalho\Object</Filter>
    </ClInclude>
    <ClInclude Include="Math\vec2.h">
      <Filter>Arquivos de Cabeçalho</Filter>
    </ClInclude>
    <ClInclude Include="Math\vec3.h">
      <Filter>Arquivos de Cabeçalho</Filter>
    </ClInclude>
    <ClInclude Include="Math\color.h">
      <Filter>Arquivos de Cabeçalho</Filter>
    </ClInclude>
    <ClInclude Include="Graphics\Shader\inputBuffer.h">
      <Filter>Arquivos de Cabeçalho\Object</Filter>
    </ClInclude>
    <ClInclude Include="Graphics\object.h">
      <Filter>Arquivos de Cabeçalho\Object</Filter>
    </ClInclude>
    <ClInclude Include="Graphics\Bindables\blendState.h">
      <Filter>Arquivos de Cabeçalho\Bindable</Filter>
    </ClInclude>
    <ClInclude Include="Math\SpatialData.h">
      <Filter>Arquivos de Cabeçalho\Object</Filter>
    </ClInclude>
    <ClInclude Include="Physics\physicsDomain.h">
      <Filter>Arquivos de Cabeçalho\Physics</Filter>
    </ClInclude>
    <ClInclude Include="Physics\physicsObject.h">
      <Filter>Arquivos de Cabeçalho\Physics</Filter>
    </ClInclude>
    <ClInclude Include="Graphics\Bindables\renderTarget.h">
      <Filter>Arquivos de Cabeçalho\Bindable</Filter>
    </ClInclude>
    <ClInclude Include="Graphics\Bindables\depthStencil.h">
      <Filter>Arquivos de Cabeçalho\Bindable</Filter>
    </ClInclude>
    <ClInclude Include="Graphics\Shader\shader.h">
      <Filter>Arquivos de Cabeçalho\Object</Filter>
    </ClInclude>
    <ClInclude Include="Graphics\sprite.h">
      <Filter>Arquivos de Cabeçalho\Object</Filter>
    </ClInclude>
    <ClInclude Include="UI\guiPanel.h">
      <Filter>Arquivos de Cabeçalho\Object</Filter>
    </ClInclude>
    <ClInclude Include="Engine.h">
      <Filter>Arquivos de Cabeçalho</Filter>
    </ClInclude>
    <ClInclude Include="Input\inputProxy.h">
      <Filter>Arquivos de Cabeçalho</Filter>
    </ClInclude>
    <ClInclude Include="Input\CursorController.h">
      <Filter>Arquivos de Cabeçalho</Filter>
    </ClInclude>
    <ClInclude Include="Assets\AssetManager.h">
      <Filter>Arquivos de Cabeçalho</Filter>
    </ClInclude>
    <ClInclude Include="Assets\MeshAsset.h">
      <Filter>Arquivos de Cabeçalho</Filter>
    </ClInclude>
    <ClInclude Include="Assets\TextureAsset.h">
      <Filter>Arquivos de Cabeçalho</Filter>
    </ClInclude>
    <ClInclude Include="Graphics\Shader\ShaderCompiler.h">
      <Filter>Arquivos de Cabeçalho</Filter>
    </ClInclude>
  </ItemGroup>
</Project>